
Microsoft Visual Studio Solution File, Format Version 12.00
# Visual Studio 14
VisualStudioVersion = 14.0.24720.0
MinimumVisualStudioVersion = 10.0.40219.1
Project("{FAE04EC0-301F-11D3-BF4B-00C04F79EFBC}") = "PruebaConexionOracle.AccesoADatos", "PruebaConexionOracle.AccesoADatos\PruebaConexionOracle.AccesoADatos.csproj", "{43E91467-EC07-44E2-977C-361B98AC0698}"
EndProject
Project("{FAE04EC0-301F-11D3-BF4B-00C04F79EFBC}") = "PruebaConexionOracle.UI", "PruebaConexionOracle.UI\PruebaConexionOracle.UI.csproj", "{5F230080-C725-4BD4-BAF2-9C0B8B29FA31}"
EndProject
Global
	GlobalSection(SolutionConfigurationPlatforms) = preSolution
		Debug|Any CPU = Debug|Any CPU
		Release|Any CPU = Release|Any CPU
	EndGlobalSection
	GlobalSection(ProjectConfigurationPlatforms) = postSolution
		{43E91467-EC07-44E2-977C-361B98AC0698}.Debug|Any CPU.ActiveCfg = Debug|Any CPU
		{43E91467-EC07-44E2-977C-361B98AC0698}.Debug|Any CPU.Build.0 = Debug|Any CPU
		{43E91467-EC07-44E2-977C-361B98AC0698}.Release|Any CPU.ActiveCfg = Release|Any CPU
		{43E91467-EC07-44E2-977C-361B98AC0698}.Release|Any CPU.Build.0 = Release|Any CPU
		{5F230080-C725-4BD4-BAF2-9C0B8B29FA31}.Debug|Any CPU.ActiveCfg = Debug|Any CPU
		{5F230080-C725-4BD4-BAF2-9C0B8B29FA31}.Debug|Any CPU.Build.0 = Debug|Any CPU
		{5F230080-C725-4BD4-BAF2-9C0B8B29FA31}.Release|Any CPU.ActiveCfg = Release|Any CPU
		{5F230080-C725-4BD4-BAF2-9C0B8B29FA31}.Release|Any CPU.Build.0 = Release|Any CPU
	EndGlobalSection
	GlobalSection(SolutionProperties) = preSolution
		HideSolutionNode = FALSE
	EndGlobalSection
EndGlobal
